{
  "name": "sign-up",
  "version": "1.0.0",
  "lockfileVersion": 1,
  "requires": true,
  "dependencies": {
    "cloudinary-core": {
      "version": "2.8.1",
      "resolved": "https://registry.npmjs.org/cloudinary-core/-/cloudinary-core-2.8.1.tgz",
      "integrity": "sha512-UsJnukV1qftOoEWIEwqUC5nBZWZRDnBNFQnCFsxfLGyLDES4D13YxyygGAtC+ipTatZr0Ylnlr2qDclnZPBhuw=="
    }
  }
}
